
Microsoft Visual Studio Solution File, Format Version 12.00
# Visual Studio Version 17
VisualStudioVersion = 17.6.33829.357
MinimumVisualStudioVersion = 10.0.40219.1
Project("{FAE04EC0-301F-11D3-BF4B-00C04F79EFBC}") = "WsApiexamen", "WsApiexamen\WsApiexamen.csproj", "{D324F6B8-2A52-42A4-898D-4BFE65D1237D}"
EndProject
Project("{FAE04EC0-301F-11D3-BF4B-00C04F79EFBC}") = "apiexamen", "apiexamen\apiexamen.csproj", "{46E35DCA-34DD-4E4F-9D65-7DC4BF90EAA2}"
	ProjectSection(ProjectDependencies) = postProject
		{D324F6B8-2A52-42A4-898D-4BFE65D1237D} = {D324F6B8-2A52-42A4-898D-4BFE65D1237D}
	EndProjectSection
EndProject
Project("{FAE04EC0-301F-11D3-BF4B-00C04F79EFBC}") = "cliente", "cliente\cliente.csproj", "{E7C79FED-50D9-4534-BE25-7DDDAF303442}"
	ProjectSection(ProjectDependencies) = postProject
		{D324F6B8-2A52-42A4-898D-4BFE65D1237D} = {D324F6B8-2A52-42A4-898D-4BFE65D1237D}
	EndProjectSection
EndProject
Global
	GlobalSection(SolutionConfigurationPlatforms) = preSolution
		Debug|Any CPU = Debug|Any CPU
		Release|Any CPU = Release|Any CPU
	EndGlobalSection
	GlobalSection(ProjectConfigurationPlatforms) = postSolution
		{D324F6B8-2A52-42A4-898D-4BFE65D1237D}.Debug|Any CPU.ActiveCfg = Debug|Any CPU
		{D324F6B8-2A52-42A4-898D-4BFE65D1237D}.Debug|Any CPU.Build.0 = Debug|Any CPU
		{D324F6B8-2A52-42A4-898D-4BFE65D1237D}.Release|Any CPU.ActiveCfg = Release|Any CPU
		{D324F6B8-2A52-42A4-898D-4BFE65D1237D}.Release|Any CPU.Build.0 = Release|Any CPU
		{46E35DCA-34DD-4E4F-9D65-7DC4BF90EAA2}.Debug|Any CPU.ActiveCfg = Debug|Any CPU
		{46E35DCA-34DD-4E4F-9D65-7DC4BF90EAA2}.Debug|Any CPU.Build.0 = Debug|Any CPU
		{46E35DCA-34DD-4E4F-9D65-7DC4BF90EAA2}.Release|Any CPU.ActiveCfg = Release|Any CPU
		{46E35DCA-34DD-4E4F-9D65-7DC4BF90EAA2}.Release|Any CPU.Build.0 = Release|Any CPU
		{E7C79FED-50D9-4534-BE25-7DDDAF303442}.Debug|Any CPU.ActiveCfg = Debug|Any CPU
		{E7C79FED-50D9-4534-BE25-7DDDAF303442}.Debug|Any CPU.Build.0 = Debug|Any CPU
		{E7C79FED-50D9-4534-BE25-7DDDAF303442}.Release|Any CPU.ActiveCfg = Release|Any CPU
		{E7C79FED-50D9-4534-BE25-7DDDAF303442}.Release|Any CPU.Build.0 = Release|Any CPU
	EndGlobalSection
	GlobalSection(SolutionProperties) = preSolution
		HideSolutionNode = FALSE
	EndGlobalSection
	GlobalSection(ExtensibilityGlobals) = postSolution
		SolutionGuid = {FCC5EAEA-5D97-464B-9257-0BD5F68FB631}
	EndGlobalSection
EndGlobal
